// !$*UTF8*$!
{
	archiveVersion = 1;
	classes = {
	};
	objectVersion = 56;
	objects = {

/* Begin PBXBuildFile section */
		E0A103242A79608500ECA1C0 /* GridElementView.swift in Sources */ = {isa = PBXBuildFile; fileRef = E0A103232A79608500ECA1C0 /* GridElementView.swift */; };
		E0E817F82A77A2F80071FBB6 /* NarutoApp.swift in Sources */ = {isa = PBXBuildFile; fileRef = E0E817F72A77A2F80071FBB6 /* NarutoApp.swift */; };
		E0E817FA2A77A2F80071FBB6 /* NarutoView.swift in Sources */ = {isa = PBXBuildFile; fileRef = E0E817F92A77A2F80071FBB6 /* NarutoView.swift */; };
		E0E817FC2A77A2FC0071FBB6 /* Assets.xcassets in Resources */ = {isa = PBXBuildFile; fileRef = E0E817FB2A77A2FC0071FBB6 /* Assets.xcassets */; };
		E0E817FF2A77A2FC0071FBB6 /* Preview Assets.xcassets in Resources */ = {isa = PBXBuildFile; fileRef = E0E817FE2A77A2FC0071FBB6 /* Preview Assets.xcassets */; };
		E0E818072A77A3AA0071FBB6 /* CharacterListView.swift in Sources */ = {isa = PBXBuildFile; fileRef = E0E818062A77A3AA0071FBB6 /* CharacterListView.swift */; };
		E0E8180A2A77A3C70071FBB6 /* NetworkManager.swift in Sources */ = {isa = PBXBuildFile; fileRef = E0E818092A77A3C70071FBB6 /* NetworkManager.swift */; };
		E0E8180D2A77A3DB0071FBB6 /* Characters.swift in Sources */ = {isa = PBXBuildFile; fileRef = E0E8180C2A77A3DB0071FBB6 /* Characters.swift */; };
		E0E818102A77A4820071FBB6 /* ClansListView.swift in Sources */ = {isa = PBXBuildFile; fileRef = E0E8180F2A77A4820071FBB6 /* ClansListView.swift */; };
		E0E818132A77CF270071FBB6 /* CharacterDetailsViewModel.swift in Sources */ = {isa = PBXBuildFile; fileRef = E0E818122A77CF270071FBB6 /* CharacterDetailsViewModel.swift */; };
		E0E818152A77CF660071FBB6 /* CharacterDetailsView.swift in Sources */ = {isa = PBXBuildFile; fileRef = E0E818142A77CF660071FBB6 /* CharacterDetailsView.swift */; };
		E0E818172A77CFDF0071FBB6 /* CharacterListViewModel.swift in Sources */ = {isa = PBXBuildFile; fileRef = E0E818162A77CFDF0071FBB6 /* CharacterListViewModel.swift */; };
		E0E818192A77D04C0071FBB6 /* RowView.swift in Sources */ = {isa = PBXBuildFile; fileRef = E0E818182A77D04C0071FBB6 /* RowView.swift */; };
		E0E8181B2A77D6020071FBB6 /* CharacterImage.swift in Sources */ = {isa = PBXBuildFile; fileRef = E0E8181A2A77D6020071FBB6 /* CharacterImage.swift */; };
		E0E8181E2A77EC930071FBB6 /* Kingfisher in Frameworks */ = {isa = PBXBuildFile; productRef = E0E8181D2A77EC930071FBB6 /* Kingfisher */; };
/* End PBXBuildFile section */

/* Begin PBXFileReference section */
		E0A103232A79608500ECA1C0 /* GridElementView.swift */ = {isa = PBXFileReference; lastKnownFileType = sourcecode.swift; path = GridElementView.swift; sourceTree = "<group>"; };
		E0E817F42A77A2F80071FBB6 /* Naruto.app */ = {isa = PBXFileReference; explicitFileType = wrapper.application; includeInIndex = 0; path = Naruto.app; sourceTree = BUILT_PRODUCTS_DIR; };
		E0E817F72A77A2F80071FBB6 /* NarutoApp.swift */ = {isa = PBXFileReference; lastKnownFileType = sourcecode.swift; path = NarutoApp.swift; sourceTree = "<group>"; };
		E0E817F92A77A2F80071FBB6 /* NarutoView.swift */ = {isa = PBXFileReference; lastKnownFileType = sourcecode.swift; path = NarutoView.swift; sourceTree = "<group>"; };
		E0E817FB2A77A2FC0071FBB6 /* Assets.xcassets */ = {isa = PBXFileReference; lastKnownFileType = folder.assetcatalog; path = Assets.xcassets; sourceTree = "<group>"; };
		E0E817FE2A77A2FC0071FBB6 /* Preview Assets.xcassets */ = {isa = PBXFileReference; lastKnownFileType = folder.assetcatalog; path = "Preview Assets.xcassets"; sourceTree = "<group>"; };
		E0E818062A77A3AA0071FBB6 /* CharacterListView.swift */ = {isa = PBXFileReference; lastKnownFileType = sourcecode.swift; path = CharacterListView.swift; sourceTree = "<group>"; };
		E0E818092A77A3C70071FBB6 /* NetworkManager.swift */ = {isa = PBXFileReference; lastKnownFileType = sourcecode.swift; path = NetworkManager.swift; sourceTree = "<group>"; };
		E0E8180C2A77A3DB0071FBB6 /* Characters.swift */ = {isa = PBXFileReference; lastKnownFileType = sourcecode.swift; path = Characters.swift; sourceTree = "<group>"; };
		E0E8180F2A77A4820071FBB6 /* ClansListView.swift */ = {isa = PBXFileReference; lastKnownFileType = sourcecode.swift; path = ClansListView.swift; sourceTree = "<group>"; };
		E0E818122A77CF270071FBB6 /* CharacterDetailsViewModel.swift */ = {isa = PBXFileReference; lastKnownFileType = sourcecode.swift; path = CharacterDetailsViewModel.swift; sourceTree = "<group>"; };
		E0E818142A77CF660071FBB6 /* CharacterDetailsView.swift */ = {isa = PBXFileReference; lastKnownFileType = sourcecode.swift; path = CharacterDetailsView.swift; sourceTree = "<group>"; };
		E0E818162A77CFDF0071FBB6 /* CharacterListViewModel.swift */ = {isa = PBXFileReference; lastKnownFileType = sourcecode.swift; path = CharacterListViewModel.swift; sourceTree = "<group>"; };
		E0E818182A77D04C0071FBB6 /* RowView.swift */ = {isa = PBXFileReference; lastKnownFileType = sourcecode.swift; path = RowView.swift; sourceTree = "<group>"; };
		E0E8181A2A77D6020071FBB6 /* CharacterImage.swift */ = {isa = PBXFileReference; lastKnownFileType = sourcecode.swift; path = CharacterImage.swift; sourceTree = "<group>"; };
/* End PBXFileReference section */

/* Begin PBXFrameworksBuildPhase section */
		E0E817F12A77A2F80071FBB6 /* Frameworks */ = {
			isa = PBXFrameworksBuildPhase;
			buildActionMask = 2147483647;
			files = (
				E0E8181E2A77EC930071FBB6 /* Kingfisher in Frameworks */,
			);
			runOnlyForDeploymentPostprocessing = 0;
		};
/* End PBXFrameworksBuildPhase section */

/* Begin PBXGroup section */
		E06387752A7BF5DC00BA3652 /* TailedBeastsListView */ = {
			isa = PBXGroup;
			children = (
			);
			path = TailedBeastsListView;
			sourceTree = "<group>";
		};
		E0E817EB2A77A2F80071FBB6 = {
			isa = PBXGroup;
			children = (
				E0E817F62A77A2F80071FBB6 /* Naruto */,
				E0E817F52A77A2F80071FBB6 /* Products */,
			);
			sourceTree = "<group>";
		};
		E0E817F52A77A2F80071FBB6 /* Products */ = {
			isa = PBXGroup;
			children = (
				E0E817F42A77A2F80071FBB6 /* Naruto.app */,
			);
			name = Products;
			sourceTree = "<group>";
		};
		E0E817F62A77A2F80071FBB6 /* Naruto */ = {
			isa = PBXGroup;
			children = (
				E06387752A7BF5DC00BA3652 /* TailedBeastsListView */,
				E0E8180B2A77A3D10071FBB6 /* Models */,
				E0E8180E2A77A4690071FBB6 /* ClansListView */,
				E0E818052A77A3910071FBB6 /* CharacterListView */,
				E0E818112A77CEFC0071FBB6 /* CharacterDetailsView */,
				E0E817F72A77A2F80071FBB6 /* NarutoApp.swift */,
				E0E817F92A77A2F80071FBB6 /* NarutoView.swift */,
				E0E817FB2A77A2FC0071FBB6 /* Assets.xcassets */,
				E0E818082A77A3B60071FBB6 /* Services */,
				E0E817FD2A77A2FC0071FBB6 /* Preview Content */,
			);
			path = Naruto;
			sourceTree = "<group>";
		};
		E0E817FD2A77A2FC0071FBB6 /* Preview Content */ = {
			isa = PBXGroup;
			children = (
				E0E817FE2A77A2FC0071FBB6 /* Preview Assets.xcassets */,
			);
			path = "Preview Content";
			sourceTree = "<group>";
		};
		E0E818052A77A3910071FBB6 /* CharacterListView */ = {
			isa = PBXGroup;
			children = (
				E0E818062A77A3AA0071FBB6 /* CharacterListView.swift */,
				E0E818162A77CFDF0071FBB6 /* CharacterListViewModel.swift */,
				E0E818182A77D04C0071FBB6 /* RowView.swift */,
				E0A103232A79608500ECA1C0 /* GridElementView.swift */,
			);
			path = CharacterListView;
			sourceTree = "<group>";
		};
		E0E818082A77A3B60071FBB6 /* Services */ = {
			isa = PBXGroup;
			children = (
				E0E818092A77A3C70071FBB6 /* NetworkManager.swift */,
			);
			path = Services;
			sourceTree = "<group>";
		};
		E0E8180B2A77A3D10071FBB6 /* Models */ = {
			isa = PBXGroup;
			children = (
				E0E8180C2A77A3DB0071FBB6 /* Characters.swift */,
			);
			path = Models;
			sourceTree = "<group>";
		};
		E0E8180E2A77A4690071FBB6 /* ClansListView */ = {
			isa = PBXGroup;
			children = (
				E0E8180F2A77A4820071FBB6 /* ClansListView.swift */,
			);
			path = ClansListView;
			sourceTree = "<group>";
		};
		E0E818112A77CEFC0071FBB6 /* CharacterDetailsView */ = {
			isa = PBXGroup;
			children = (
				E0E818122A77CF270071FBB6 /* CharacterDetailsViewModel.swift */,
				E0E818142A77CF660071FBB6 /* CharacterDetailsView.swift */,
				E0E8181A2A77D6020071FBB6 /* CharacterImage.swift */,
			);
			path = CharacterDetailsView;
			sourceTree = "<group>";
		};
/* End PBXGroup section */

/* Begin PBXNativeTarget section */
		E0E817F32A77A2F80071FBB6 /* Naruto */ = {
			isa = PBXNativeTarget;
			buildConfigurationList = E0E818022A77A2FC0071FBB6 /* Build configuration list for PBXNativeTarget "Naruto" */;
			buildPhases = (
				E0E817F02A77A2F80071FBB6 /* Sources */,
				E0E817F12A77A2F80071FBB6 /* Frameworks */,
				E0E817F22A77A2F80071FBB6 /* Resources */,
			);
			buildRules = (
			);
			dependencies = (
			);
			name = Naruto;
			packageProductDependencies = (
				E0E8181D2A77EC930071FBB6 /* Kingfisher */,
			);
			productName = Naruto;
			productReference = E0E817F42A77A2F80071FBB6 /* Naruto.app */;
			productType = "com.apple.product-type.application";
		};
/* End PBXNativeTarget section */

/* Begin PBXProject section */
		E0E817EC2A77A2F80071FBB6 /* Project object */ = {
			isa = PBXProject;
			attributes = {
				BuildIndependentTargetsInParallel = 1;
				LastSwiftUpdateCheck = 1430;
				LastUpgradeCheck = 1430;
				TargetAttributes = {
					E0E817F32A77A2F80071FBB6 = {
						CreatedOnToolsVersion = 14.3.1;
					};
				};
			};
			buildConfigurationList = E0E817EF2A77A2F80071FBB6 /* Build configuration list for PBXProject "Naruto" */;
			compatibilityVersion = "Xcode 14.0";
			developmentRegion = en;
			hasScannedForEncodings = 0;
			knownRegions = (
				en,
				Base,
			);
			mainGroup = E0E817EB2A77A2F80071FBB6;
			packageReferences = (
				E0E8181C2A77EC910071FBB6 /* XCRemoteSwiftPackageReference "Kingfisher" */,
			);
			productRefGroup = E0E817F52A77A2F80071FBB6 /* Products */;
			projectDirPath = "";
			projectRoot = "";
			targets = (
				E0E817F32A77A2F80071FBB6 /* Naruto */,
			);
		};
/* End PBXProject section */

/* Begin PBXResourcesBuildPhase section */
		E0E817F22A77A2F80071FBB6 /* Resources */ = {
			isa = PBXResourcesBuildPhase;
			buildActionMask = 2147483647;
			files = (
				E0E817FF2A77A2FC0071FBB6 /* Preview Assets.xcassets in Resources */,
				E0E817FC2A77A2FC0071FBB6 /* Assets.xcassets in Resources */,
			);
			runOnlyForDeploymentPostprocessing = 0;
		};
/* End PBXResourcesBuildPhase section */

/* Begin PBXSourcesBuildPhase section */
		E0E817F02A77A2F80071FBB6 /* Sources */ = {
			isa = PBXSourcesBuildPhase;
			buildActionMask = 2147483647;
			files = (
				E0E818102A77A4820071FBB6 /* ClansListView.swift in Sources */,
				E0E818192A77D04C0071FBB6 /* RowView.swift in Sources */,
				E0E8180A2A77A3C70071FBB6 /* NetworkManager.swift in Sources */,
				E0E817FA2A77A2F80071FBB6 /* NarutoView.swift in Sources */,
				E0E8181B2A77D6020071FBB6 /* CharacterImage.swift in Sources */,
				E0E817F82A77A2F80071FBB6 /* NarutoApp.swift in Sources */,
				E0E818172A77CFDF0071FBB6 /* CharacterListViewModel.swift in Sources */,
				E0E818132A77CF270071FBB6 /* CharacterDetailsViewModel.swift in Sources */,
				E0E818072A77A3AA0071FBB6 /* CharacterListView.swift in Sources */,
				E0E8180D2A77A3DB0071FBB6 /* Characters.swift in Sources */,
				E0E818152A77CF660071FBB6 /* CharacterDetailsView.swift in Sources */,
				E0A103242A79608500ECA1C0 /* GridElementView.swift in Sources */,
			);
			runOnlyForDeploymentPostprocessing = 0;
		};
/* End PBXSourcesBuildPhase section */

/* Begin XCBuildConfiguration section */
		E0E818002A77A2FC0071FBB6 /* Debug */ = {
			isa = XCBuildConfiguration;
			buildSettings = {
				ALWAYS_SEARCH_USER_PATHS = NO;
				CLANG_ANALYZER_NONNULL = YES;
				CLANG_ANALYZER_NUMBER_OBJECT_CONVERSION = YES_AGGRESSIVE;
				CLANG_CXX_LANGUAGE_STANDARD = "gnu++20";
				CLANG_ENABLE_MODULES = YES;
				CLANG_ENABLE_OBJC_ARC = YES;
				CLANG_ENABLE_OBJC_WEAK = YES;
				CLANG_WARN_BLOCK_CAPTURE_AUTORELEASING = YES;
				CLANG_WARN_BOOL_CONVERSION = YES;
				CLANG_WARN_COMMA = YES;
				CLANG_WARN_CONSTANT_CONVERSION = YES;
				CLANG_WARN_DEPRECATED_OBJC_IMPLEMENTATIONS = YES;
				CLANG_WARN_DIRECT_OBJC_ISA_USAGE = YES_ERROR;
				CLANG_WARN_DOCUMENTATION_COMMENTS = YES;
				CLANG_WARN_EMPTY_BODY = YES;
				CLANG_WARN_ENUM_CONVERSION = YES;
				CLANG_WARN_INFINITE_RECURSION = YES;
				CLANG_WARN_INT_CONVERSION = YES;
				CLANG_WARN_NON_LITERAL_NULL_CONVERSION = YES;
				CLANG_WARN_OBJC_IMPLICIT_RETAIN_SELF = YES;
				CLANG_WARN_OBJC_LITERAL_CONVERSION = YES;
				CLANG_WARN_OBJC_ROOT_CLASS = YES_ERROR;
				CLANG_WARN_QUOTED_INCLUDE_IN_FRAMEWORK_HEADER = YES;
				CLANG_WARN_RANGE_LOOP_ANALYSIS = YES;
				CLANG_WARN_STRICT_PROTOTYPES = YES;
				CLANG_WARN_SUSPICIOUS_MOVE = YES;
				CLANG_WARN_UNGUARDED_AVAILABILITY = YES_AGGRESSIVE;
				CLANG_WARN_UNREACHABLE_CODE = YES;
				CLANG_WARN__DUPLICATE_METHOD_MATCH = YES;
				COPY_PHASE_STRIP = NO;
				DEBUG_INFORMATION_FORMAT = dwarf;
				ENABLE_STRICT_OBJC_MSGSEND = YES;
				ENABLE_TESTABILITY = YES;
				GCC_C_LANGUAGE_STANDARD = gnu11;
				GCC_DYNAMIC_NO_PIC = NO;
				GCC_NO_COMMON_BLOCKS = YES;
				GCC_OPTIMIZATION_LEVEL = 0;
				GCC_PREPROCESSOR_DEFINITIONS = (
					"DEBUG=1",
					"$(inherited)",
				);
				GCC_WARN_64_TO_32_BIT_CONVERSION = YES;
				GCC_WARN_ABOUT_RETURN_TYPE = YES_ERROR;
				GCC_WARN_UNDECLARED_SELECTOR = YES;
				GCC_WARN_UNINITIALIZED_AUTOS = YES_AGGRESSIVE;
				GCC_WARN_UNUSED_FUNCTION = YES;
				GCC_WARN_UNUSED_VARIABLE = YES;
				IPHONEOS_DEPLOYMENT_TARGET = 16.4;
				MTL_ENABLE_DEBUG_INFO = INCLUDE_SOURCE;
				MTL_FAST_MATH = YES;
				ONLY_ACTIVE_ARCH = YES;
				SDKROOT = iphoneos;
				SWIFT_ACTIVE_COMPILATION_CONDITIONS = DEBUG;
				SWIFT_OPTIMIZATION_LEVEL = "-Onone";
			};
			name = Debug;
		};
		E0E818012A77A2FC0071FBB6 /* Release */ = {
			isa = XCBuildConfiguration;
			buildSettings = {
				ALWAYS_SEARCH_USER_PATHS = NO;
				CLANG_ANALYZER_NONNULL = YES;
				CLANG_ANALYZER_NUMBER_OBJECT_CONVERSION = YES_AGGRESSIVE;
				CLANG_CXX_LANGUAGE_STANDARD = "gnu++20";
				CLANG_ENABLE_MODULES = YES;
				CLANG_ENABLE_OBJC_ARC = YES;
				CLANG_ENABLE_OBJC_WEAK = YES;
				CLANG_WARN_BLOCK_CAPTURE_AUTORELEASING = YES;
				CLANG_WARN_BOOL_CONVERSION = YES;
				CLANG_WARN_COMMA = YES;
				CLANG_WARN_CONSTANT_CONVERSION = YES;
				CLANG_WARN_DEPRECATED_OBJC_IMPLEMENTATIONS = YES;
				CLANG_WARN_DIRECT_OBJC_ISA_USAGE = YES_ERROR;
				CLANG_WARN_DOCUMENTATION_COMMENTS = YES;
				CLANG_WARN_EMPTY_BODY = YES;
				CLANG_WARN_ENUM_CONVERSION = YES;
				CLANG_WARN_INFINITE_RECURSION = YES;
				CLANG_WARN_INT_CONVERSION = YES;
				CLANG_WARN_NON_LITERAL_NULL_CONVERSION = YES;
				CLANG_WARN_OBJC_IMPLICIT_RETAIN_SELF = YES;
				CLANG_WARN_OBJC_LITERAL_CONVERSION = YES;
				CLANG_WARN_OBJC_ROOT_CLASS = YES_ERROR;
				CLANG_WARN_QUOTED_INCLUDE_IN_FRAMEWORK_HEADER = YES;
				CLANG_WARN_RANGE_LOOP_ANALYSIS = YES;
				CLANG_WARN_STRICT_PROTOTYPES = YES;
				CLANG_WARN_SUSPICIOUS_MOVE = YES;
				CLANG_WARN_UNGUARDED_AVAILABILITY = YES_AGGRESSIVE;
				CLANG_WARN_UNREACHABLE_CODE = YES;
				CLANG_WARN__DUPLICATE_METHOD_MATCH = YES;
				COPY_PHASE_STRIP = NO;
				DEBUG_INFORMATION_FORMAT = "dwarf-with-dsym";
				ENABLE_NS_ASSERTIONS = NO;
				ENABLE_STRICT_OBJC_MSGSEND = YES;
				GCC_C_LANGUAGE_STANDARD = gnu11;
				GCC_NO_COMMON_BLOCKS = YES;
				GCC_WARN_64_TO_32_BIT_CONVERSION = YES;
				GCC_WARN_ABOUT_RETURN_TYPE = YES_ERROR;
				GCC_WARN_UNDECLARED_SELECTOR = YES;
				GCC_WARN_UNINITIALIZED_AUTOS = YES_AGGRESSIVE;
				GCC_WARN_UNUSED_FUNCTION = YES;
				GCC_WARN_UNUSED_VARIABLE = YES;
				IPHONEOS_DEPLOYMENT_TARGET = 16.4;
				MTL_ENABLE_DEBUG_INFO = NO;
				MTL_FAST_MATH = YES;
				SDKROOT = iphoneos;
				SWIFT_COMPILATION_MODE = wholemodule;
				SWIFT_OPTIMIZATION_LEVEL = "-O";
				VALIDATE_PRODUCT = YES;
			};
			name = Release;
		};
		E0E818032A77A2FC0071FBB6 /* Debug */ = {
			isa = XCBuildConfiguration;
			buildSettings = {
				ASSETCATALOG_COMPILER_APPICON_NAME = AppIcon;
				ASSETCATALOG_COMPILER_GLOBAL_ACCENT_COLOR_NAME = AccentColor;
				CODE_SIGN_STYLE = Automatic;
				CURRENT_PROJECT_VERSION = 1;
				DEVELOPMENT_ASSET_PATHS = "\"Naruto/Preview Content\"";
				DEVELOPMENT_TEAM = C87Q7272PH;
				ENABLE_PREVIEWS = YES;
				GENERATE_INFOPLIST_FILE = YES;
				INFOPLIST_KEY_UIApplicationSceneManifest_Generation = YES;
				INFOPLIST_KEY_UIApplicationSupportsIndirectInputEvents = YES;
				INFOPLIST_KEY_UILaunchScreen_Generation = YES;
				INFOPLIST_KEY_UISupportedInterfaceOrientations_iPad = "UIInterfaceOrientationPortrait UIInterfaceOrientationPortraitUpsideDown UIInterfaceOrientationLandscapeLeft UIInterfaceOrientationLandscapeRight";
				INFOPLIST_KEY_UISupportedInterfaceOrientations_iPhone = "UIInterfaceOrientationPortrait UIInterfaceOrientationLandscapeLeft UIInterfaceOrientationLandscapeRight";
				LD_RUNPATH_SEARCH_PATHS = (
					"$(inherited)",
					"@executable_path/Frameworks",
				);
				MARKETING_VERSION = 1.0;
				PRODUCT_BUNDLE_IDENTIFIER = Khusein.Naruto;
				PRODUCT_NAME = "$(TARGET_NAME)";
				SWIFT_EMIT_LOC_STRINGS = YES;
				SWIFT_VERSION = 5.0;
				TARGETED_DEVICE_FAMILY = "1,2";
			};
			name = Debug;
		};
		E0E818042A77A2FC0071FBB6 /* Release */ = {
			isa = XCBuildConfiguration;
			buildSettings = {
				ASSETCATALOG_COMPILER_APPICON_NAME = AppIcon;
				ASSETCATALOG_COMPILER_GLOBAL_ACCENT_COLOR_NAME = AccentColor;
				CODE_SIGN_STYLE = Automatic;
				CURRENT_PROJECT_VERSION = 1;
				DEVELOPMENT_ASSET_PATHS = "\"Naruto/Preview Content\"";
				DEVELOPMENT_TEAM = C87Q7272PH;
				ENABLE_PREVIEWS = YES;
				GENERATE_INFOPLIST_FILE = YES;
				INFOPLIST_KEY_UIApplicationSceneManifest_Generation = YES;
				INFOPLIST_KEY_UIApplicationSupportsIndirectInputEvents = YES;
				INFOPLIST_KEY_UILaunchScreen_Generation = YES;
				INFOPLIST_KEY_UISupportedInterfaceOrientations_iPad = "UIInterfaceOrientationPortrait UIInterfaceOrientationPortraitUpsideDown UIInterfaceOrientationLandscapeLeft UIInterfaceOrientationLandscapeRight";
				INFOPLIST_KEY_UISupportedInterfaceOrientations_iPhone = "UIInterfaceOrientationPortrait UIInterfaceOrientationLandscapeLeft UIInterfaceOrientationLandscapeRight";
				LD_RUNPATH_SEARCH_PATHS = (
					"$(inherited)",
					"@executable_path/Frameworks",
				);
				MARKETING_VERSION = 1.0;
				PRODUCT_BUNDLE_IDENTIFIER = Khusein.Naruto;
				PRODUCT_NAME = "$(TARGET_NAME)";
				SWIFT_EMIT_LOC_STRINGS = YES;
				SWIFT_VERSION = 5.0;
				TARGETED_DEVICE_FAMILY = "1,2";
			};
			name = Release;
		};
/* End XCBuildConfiguration section */

/* Begin XCConfigurationList section */
		E0E817EF2A77A2F80071FBB6 /* Build configuration list for PBXProject "Naruto" */ = {
			isa = XCConfigurationList;
			buildConfigurations = (
				E0E818002A77A2FC0071FBB6 /* Debug */,
				E0E818012A77A2FC0071FBB6 /* Release */,
			);
			defaultConfigurationIsVisible = 0;
			defaultConfigurationName = Release;
		};
		E0E818022A77A2FC0071FBB6 /* Build configuration list for PBXNativeTarget "Naruto" */ = {
			isa = XCConfigurationList;
			buildConfigurations = (
				E0E818032A77A2FC0071FBB6 /* Debug */,
				E0E818042A77A2FC0071FBB6 /* Release */,
			);
			defaultConfigurationIsVisible = 0;
			defaultConfigurationName = Release;
		};
/* End XCConfigurationList section */

/* Begin XCRemoteSwiftPackageReference section */
		E0E8181C2A77EC910071FBB6 /* XCRemoteSwiftPackageReference "Kingfisher" */ = {
			isa = XCRemoteSwiftPackageReference;
			repositoryURL = "https://github.com/onevcat/Kingfisher.git";
			requirement = {
				branch = master;
				kind = branch;
			};
		};
/* End XCRemoteSwiftPackageReference section */

/* Begin XCSwiftPackageProductDependency section */
		E0E8181D2A77EC930071FBB6 /* Kingfisher */ = {
			isa = XCSwiftPackageProductDependency;
			package = E0E8181C2A77EC910071FBB6 /* XCRemoteSwiftPackageReference "Kingfisher" */;
			productName = Kingfisher;
		};
/* End XCSwiftPackageProductDependency section */
	};
	rootObject = E0E817EC2A77A2F80071FBB6 /* Project object */;
}
